// !$*UTF8*$!
{
	archiveVersion = 1;
	classes = {
	};
	objectVersion = 46;
	objects = {

/* Begin PBXBuildFile section */
		B70350F11784395D0045730D /* TYLauncherItem.m in Sources */ = {isa = PBXBuildFile; fileRef = B70350F01784392D0045730D /* TYLauncherItem.m */; };
		B7140BCF176C070400720D7C /* Foundation.framework in Frameworks */ = {isa = PBXBuildFile; fileRef = B7140BCE176C070400720D7C /* Foundation.framework */; };
		B7140BD1176C070400720D7C /* CoreGraphics.framework in Frameworks */ = {isa = PBXBuildFile; fileRef = B7140BD0176C070400720D7C /* CoreGraphics.framework */; };
		B7140BD3176C070400720D7C /* UIKit.framework in Frameworks */ = {isa = PBXBuildFile; fileRef = B7140BD2176C070400720D7C /* UIKit.framework */; };
		B7140BD5176C070400720D7C /* CoreData.framework in Frameworks */ = {isa = PBXBuildFile; fileRef = B7140BD4176C070400720D7C /* CoreData.framework */; };
		B7140BDB176C070400720D7C /* InfoPlist.strings in Resources */ = {isa = PBXBuildFile; fileRef = B7140BD9176C070400720D7C /* InfoPlist.strings */; };
		B7140BDD176C070400720D7C /* main.m in Sources */ = {isa = PBXBuildFile; fileRef = B7140BDC176C070400720D7C /* main.m */; };
		B7140BE1176C070400720D7C /* TYAppDelegate.m in Sources */ = {isa = PBXBuildFile; fileRef = B7140BE0176C070400720D7C /* TYAppDelegate.m */; };
		B7140BE4176C070400720D7C /* Playground.xcdatamodeld in Sources */ = {isa = PBXBuildFile; fileRef = B7140BE2176C070400720D7C /* Playground.xcdatamodeld */; };
		B7140BE6176C070400720D7C /* Images.xcassets in Resources */ = {isa = PBXBuildFile; fileRef = B7140BE5176C070400720D7C /* Images.xcassets */; };
		B7140BED176C070400720D7C /* XCTest.framework in Frameworks */ = {isa = PBXBuildFile; fileRef = B7140BEC176C070400720D7C /* XCTest.framework */; };
		B7140BEE176C070400720D7C /* Foundation.framework in Frameworks */ = {isa = PBXBuildFile; fileRef = B7140BCE176C070400720D7C /* Foundation.framework */; };
		B7140BEF176C070400720D7C /* UIKit.framework in Frameworks */ = {isa = PBXBuildFile; fileRef = B7140BD2176C070400720D7C /* UIKit.framework */; };
		B7140BF0176C070400720D7C /* CoreData.framework in Frameworks */ = {isa = PBXBuildFile; fileRef = B7140BD4176C070400720D7C /* CoreData.framework */; };
		B7140BF8176C070400720D7C /* InfoPlist.strings in Resources */ = {isa = PBXBuildFile; fileRef = B7140BF6176C070400720D7C /* InfoPlist.strings */; };
		B7140BFA176C070400720D7C /* PlaygroundTests.m in Sources */ = {isa = PBXBuildFile; fileRef = B7140BF9176C070400720D7C /* PlaygroundTests.m */; };
		B74EAAC2176FDAA0008D4499 /* TYTimelineViewController.m in Sources */ = {isa = PBXBuildFile; fileRef = B74EAAC0176FDAA0008D4499 /* TYTimelineViewController.m */; };
		B74EAAC3176FDAA0008D4499 /* TYTimelineViewController.xib in Resources */ = {isa = PBXBuildFile; fileRef = B74EAAC1176FDAA0008D4499 /* TYTimelineViewController.xib */; };
		B74EAAC7176FDAA8008D4499 /* TYTimelineCell.m in Sources */ = {isa = PBXBuildFile; fileRef = B74EAAC5176FDAA8008D4499 /* TYTimelineCell.m */; };
		B74EAAC8176FDAA8008D4499 /* TYTimelineCell.xib in Resources */ = {isa = PBXBuildFile; fileRef = B74EAAC6176FDAA8008D4499 /* TYTimelineCell.xib */; };
		B74EAACA176FDC51008D4499 /* README.md in Resources */ = {isa = PBXBuildFile; fileRef = B74EAAC9176FDC51008D4499 /* README.md */; };
		B75D8F631782F53500D025AB /* TYLauncherCell.xib in Resources */ = {isa = PBXBuildFile; fileRef = B75D8F621782F53500D025AB /* TYLauncherCell.xib */; };
		B75D8F641782F53F00D025AB /* TYLauncherCell.m in Sources */ = {isa = PBXBuildFile; fileRef = B75D8F611782F52800D025AB /* TYLauncherCell.m */; };
		B75D8F6A1782FE7B00D025AB /* TYLauncherViewController.m in Sources */ = {isa = PBXBuildFile; fileRef = B75D8F681782FE7B00D025AB /* TYLauncherViewController.m */; };
		B7A71D211875F962001656C6 /* TYCoreObjCViewController.m in Sources */ = {isa = PBXBuildFile; fileRef = B7A71D1F1875F962001656C6 /* TYCoreObjCViewController.m */; };
		B7A71D221875F962001656C6 /* TYCoreObjCViewController.xib in Resources */ = {isa = PBXBuildFile; fileRef = B7A71D201875F962001656C6 /* TYCoreObjCViewController.xib */; };
		B7B231B818B1709C001934CE /* autolayout.png in Resources */ = {isa = PBXBuildFile; fileRef = B7B231B718B1709C001934CE /* autolayout.png */; };
		B7B231B918B1709C001934CE /* autolayout.png in Resources */ = {isa = PBXBuildFile; fileRef = B7B231B718B1709C001934CE /* autolayout.png */; };
		B7B231BC18B170CC001934CE /* custom-views.png in Resources */ = {isa = PBXBuildFile; fileRef = B7B231BB18B170CC001934CE /* custom-views.png */; };
		B7B231BD18B170CC001934CE /* custom-views.png in Resources */ = {isa = PBXBuildFile; fileRef = B7B231BB18B170CC001934CE /* custom-views.png */; };
		B7B231BF18B17104001934CE /* timeline.png in Resources */ = {isa = PBXBuildFile; fileRef = B7B231BE18B17104001934CE /* timeline.png */; };
		B7B231C018B17104001934CE /* timeline.png in Resources */ = {isa = PBXBuildFile; fileRef = B7B231BE18B17104001934CE /* timeline.png */; };
		B7B231C218B17153001934CE /* scrollview.png in Resources */ = {isa = PBXBuildFile; fileRef = B7B231C118B17153001934CE /* scrollview.png */; };
		B7B231C318B17153001934CE /* scrollview.png in Resources */ = {isa = PBXBuildFile; fileRef = B7B231C118B17153001934CE /* scrollview.png */; };
		B7B231C518B1719F001934CE /* core-data.png in Resources */ = {isa = PBXBuildFile; fileRef = B7B231C418B1719F001934CE /* core-data.png */; };
		B7B231C618B1719F001934CE /* core-data.png in Resources */ = {isa = PBXBuildFile; fileRef = B7B231C418B1719F001934CE /* core-data.png */; };
		B7B231C818B17214001934CE /* collection-view.png in Resources */ = {isa = PBXBuildFile; fileRef = B7B231C718B17214001934CE /* collection-view.png */; };
		B7B231C918B17214001934CE /* collection-view.png in Resources */ = {isa = PBXBuildFile; fileRef = B7B231C718B17214001934CE /* collection-view.png */; };
/* End PBXBuildFile section */

/* Begin PBXContainerItemProxy section */
		B7140BF1176C070400720D7C /* PBXContainerItemProxy */ = {
			isa = PBXContainerItemProxy;
			containerPortal = B7140BC3176C070400720D7C /* Project object */;
			proxyType = 1;
			remoteGlobalIDString = B7140BCA176C070400720D7C;
			remoteInfo = Playground;
		};
/* End PBXContainerItemProxy section */

/* Begin PBXFileReference section */
		B70350EF1784392D0045730D /* TYLauncherItem.h */ = {isa = PBXFileReference; lastKnownFileType = sourcecode.c.h; name = TYLauncherItem.h; path = UICollectionView/TYLauncherItem.h; sourceTree = "<group>"; };
		B70350F01784392D0045730D /* TYLauncherItem.m */ = {isa = PBXFileReference; lastKnownFileType = sourcecode.c.objc; name = TYLauncherItem.m; path = UICollectionView/TYLauncherItem.m; sourceTree = "<group>"; };
		B7140BCB176C070400720D7C /* Playground.app */ = {isa = PBXFileReference; explicitFileType = wrapper.application; includeInIndex = 0; path = Playground.app; sourceTree = BUILT_PRODUCTS_DIR; };
		B7140BCE176C070400720D7C /* Foundation.framework */ = {isa = PBXFileReference; lastKnownFileType = wrapper.framework; name = Foundation.framework; path = System/Library/Frameworks/Foundation.framework; sourceTree = SDKROOT; };
		B7140BD0176C070400720D7C /* CoreGraphics.framework */ = {isa = PBXFileReference; lastKnownFileType = wrapper.framework; name = CoreGraphics.framework; path = System/Library/Frameworks/CoreGraphics.framework; sourceTree = SDKROOT; };
		B7140BD2176C070400720D7C /* UIKit.framework */ = {isa = PBXFileReference; lastKnownFileType = wrapper.framework; name = UIKit.framework; path = System/Library/Frameworks/UIKit.framework; sourceTree = SDKROOT; };
		B7140BD4176C070400720D7C /* CoreData.framework */ = {isa = PBXFileReference; lastKnownFileType = wrapper.framework; name = CoreData.framework; path = System/Library/Frameworks/CoreData.framework; sourceTree = SDKROOT; };
		B7140BD8176C070400720D7C /* Playground-Info.plist */ = {isa = PBXFileReference; lastKnownFileType = text.plist.xml; path = "Playground-Info.plist"; sourceTree = "<group>"; };
		B7140BDA176C070400720D7C /* en */ = {isa = PBXFileReference; lastKnownFileType = text.plist.strings; name = en; path = en.lproj/InfoPlist.strings; sourceTree = "<group>"; };
		B7140BDC176C070400720D7C /* main.m */ = {isa = PBXFileReference; lastKnownFileType = sourcecode.c.objc; path = main.m; sourceTree = "<group>"; };
		B7140BDE176C070400720D7C /* Playground-Prefix.pch */ = {isa = PBXFileReference; lastKnownFileType = sourcecode.c.h; path = "Playground-Prefix.pch"; sourceTree = "<group>"; };
		B7140BDF176C070400720D7C /* TYAppDelegate.h */ = {isa = PBXFileReference; lastKnownFileType = sourcecode.c.h; path = TYAppDelegate.h; sourceTree = "<group>"; };
		B7140BE0176C070400720D7C /* TYAppDelegate.m */ = {isa = PBXFileReference; lastKnownFileType = sourcecode.c.objc; path = TYAppDelegate.m; sourceTree = "<group>"; };
		B7140BE3176C070400720D7C /* Playground.xcdatamodel */ = {isa = PBXFileReference; lastKnownFileType = wrapper.xcdatamodel; path = Playground.xcdatamodel; sourceTree = "<group>"; };
		B7140BE5176C070400720D7C /* Images.xcassets */ = {isa = PBXFileReference; lastKnownFileType = folder.assetcatalog; path = Images.xcassets; sourceTree = "<group>"; };
		B7140BEB176C070400720D7C /* PlaygroundTests.xctest */ = {isa = PBXFileReference; explicitFileType = wrapper.cfbundle; includeInIndex = 0; path = PlaygroundTests.xctest; sourceTree = BUILT_PRODUCTS_DIR; };
		B7140BEC176C070400720D7C /* XCTest.framework */ = {isa = PBXFileReference; lastKnownFileType = wrapper.framework; name = XCTest.framework; path = Library/Frameworks/XCTest.framework; sourceTree = DEVELOPER_DIR; };
		B7140BF5176C070400720D7C /* PlaygroundTests-Info.plist */ = {isa = PBXFileReference; lastKnownFileType = text.plist.xml; path = "PlaygroundTests-Info.plist"; sourceTree = "<group>"; };
		B7140BF7176C070400720D7C /* en */ = {isa = PBXFileReference; lastKnownFileType = text.plist.strings; name = en; path = en.lproj/InfoPlist.strings; sourceTree = "<group>"; };
		B7140BF9176C070400720D7C /* PlaygroundTests.m */ = {isa = PBXFileReference; lastKnownFileType = sourcecode.c.objc; path = PlaygroundTests.m; sourceTree = "<group>"; };
		B74EAABF176FDAA0008D4499 /* TYTimelineViewController.h */ = {isa = PBXFileReference; fileEncoding = 4; lastKnownFileType = sourcecode.c.h; name = TYTimelineViewController.h; path = Timeline/TYTimelineViewController.h; sourceTree = "<group>"; };
		B74EAAC0176FDAA0008D4499 /* TYTimelineViewController.m */ = {isa = PBXFileReference; fileEncoding = 4; lastKnownFileType = sourcecode.c.objc; name = TYTimelineViewController.m; path = Timeline/TYTimelineViewController.m; sourceTree = "<group>"; };
		B74EAAC1176FDAA0008D4499 /* TYTimelineViewController.xib */ = {isa = PBXFileReference; fileEncoding = 4; lastKnownFileType = file.xib; name = TYTimelineViewController.xib; path = Timeline/TYTimelineViewController.xib; sourceTree = "<group>"; };
		B74EAAC4176FDAA8008D4499 /* TYTimelineCell.h */ = {isa = PBXFileReference; fileEncoding = 4; lastKnownFileType = sourcecode.c.h; name = TYTimelineCell.h; path = Timeline/TYTimelineCell/TYTimelineCell.h; sourceTree = "<group>"; };
		B74EAAC5176FDAA8008D4499 /* TYTimelineCell.m */ = {isa = PBXFileReference; fileEncoding = 4; lastKnownFileType = sourcecode.c.objc; name = TYTimelineCell.m; path = Timeline/TYTimelineCell/TYTimelineCell.m; sourceTree = "<group>"; };
		B74EAAC6176FDAA8008D4499 /* TYTimelineCell.xib */ = {isa = PBXFileReference; fileEncoding = 4; lastKnownFileType = file.xib; name = TYTimelineCell.xib; path = Timeline/TYTimelineCell/TYTimelineCell.xib; sourceTree = "<group>"; };
		B74EAAC9176FDC51008D4499 /* README.md */ = {isa = PBXFileReference; fileEncoding = 4; lastKnownFileType = text; path = README.md; sourceTree = SOURCE_ROOT; };
		B75D8F601782F52800D025AB /* TYLauncherCell.h */ = {isa = PBXFileReference; lastKnownFileType = sourcecode.c.h; name = TYLauncherCell.h; path = UICollectionView/TYLauncherCell.h; sourceTree = "<group>"; };
		B75D8F611782F52800D025AB /* TYLauncherCell.m */ = {isa = PBXFileReference; lastKnownFileType = sourcecode.c.objc; name = TYLauncherCell.m; path = UICollectionView/TYLauncherCell.m; sourceTree = "<group>"; };
		B75D8F621782F53500D025AB /* TYLauncherCell.xib */ = {isa = PBXFileReference; fileEncoding = 4; lastKnownFileType = file.xib; path = TYLauncherCell.xib; sourceTree = "<group>"; };
		B75D8F671782FE7B00D025AB /* TYLauncherViewController.h */ = {isa = PBXFileReference; fileEncoding = 4; lastKnownFileType = sourcecode.c.h; name = TYLauncherViewController.h; path = UICollectionView/TYLauncherViewController.h; sourceTree = "<group>"; };
		B75D8F681782FE7B00D025AB /* TYLauncherViewController.m */ = {isa = PBXFileReference; fileEncoding = 4; lastKnownFileType = sourcecode.c.objc; name = TYLauncherViewController.m; path = UICollectionView/TYLauncherViewController.m; sourceTree = "<group>"; };
		B7A71D1E1875F962001656C6 /* TYCoreObjCViewController.h */ = {isa = PBXFileReference; fileEncoding = 4; lastKnownFileType = sourcecode.c.h; name = TYCoreObjCViewController.h; path = "Core ObjC/TYCoreObjCViewController.h"; sourceTree = "<group>"; };
		B7A71D1F1875F962001656C6 /* TYCoreObjCViewController.m */ = {isa = PBXFileReference; fileEncoding = 4; lastKnownFileType = sourcecode.c.objc; name = TYCoreObjCViewController.m; path = "Core ObjC/TYCoreObjCViewController.m"; sourceTree = "<group>"; };
		B7A71D201875F962001656C6 /* TYCoreObjCViewController.xib */ = {isa = PBXFileReference; fileEncoding = 4; lastKnownFileType = file.xib; name = TYCoreObjCViewController.xib; path = "Core ObjC/TYCoreObjCViewController.xib"; sourceTree = "<group>"; };
		B7B231B718B1709C001934CE /* autolayout.png */ = {isa = PBXFileReference; lastKnownFileType = image.png; path = autolayout.png; sourceTree = "<group>"; };
		B7B231BB18B170CC001934CE /* custom-views.png */ = {isa = PBXFileReference; lastKnownFileType = image.png; path = "custom-views.png"; sourceTree = "<group>"; };
		B7B231BE18B17104001934CE /* timeline.png */ = {isa = PBXFileReference; lastKnownFileType = image.png; path = timeline.png; sourceTree = "<group>"; };
		B7B231C118B17153001934CE /* scrollview.png */ = {isa = PBXFileReference; lastKnownFileType = image.png; path = scrollview.png; sourceTree = "<group>"; };
		B7B231C418B1719F001934CE /* core-data.png */ = {isa = PBXFileReference; lastKnownFileType = image.png; path = "core-data.png"; sourceTree = "<group>"; };
		B7B231C718B17214001934CE /* collection-view.png */ = {isa = PBXFileReference; lastKnownFileType = image.png; path = "collection-view.png"; sourceTree = "<group>"; };
/* End PBXFileReference section */

/* Begin PBXFrameworksBuildPhase section */
		B7140BC8176C070400720D7C /* Frameworks */ = {
			isa = PBXFrameworksBuildPhase;
			buildActionMask = 2147483647;
			files = (
				B7140BD1176C070400720D7C /* CoreGraphics.framework in Frameworks */,
				B7140BD5176C070400720D7C /* CoreData.framework in Frameworks */,
				B7140BD3176C070400720D7C /* UIKit.framework in Frameworks */,
				B7140BCF176C070400720D7C /* Foundation.framework in Frameworks */,
			);
			runOnlyForDeploymentPostprocessing = 0;
		};
		B7140BE8176C070400720D7C /* Frameworks */ = {
			isa = PBXFrameworksBuildPhase;
			buildActionMask = 2147483647;
			files = (
				B7140BED176C070400720D7C /* XCTest.framework in Frameworks */,
				B7140BF0176C070400720D7C /* CoreData.framework in Frameworks */,
				B7140BEF176C070400720D7C /* UIKit.framework in Frameworks */,
				B7140BEE176C070400720D7C /* Foundation.framework in Frameworks */,
			);
			runOnlyForDeploymentPostprocessing = 0;
		};
/* End PBXFrameworksBuildPhase section */

/* Begin PBXGroup section */
		B7140BC2176C070400720D7C = {
			isa = PBXGroup;
			children = (
				B7140BD6176C070400720D7C /* Playground */,
				B7140BF3176C070400720D7C /* PlaygroundTests */,
				B7140BCD176C070400720D7C /* Frameworks */,
				B7140BCC176C070400720D7C /* Products */,
			);
			sourceTree = "<group>";
		};
		B7140BCC176C070400720D7C /* Products */ = {
			isa = PBXGroup;
			children = (
				B7140BCB176C070400720D7C /* Playground.app */,
				B7140BEB176C070400720D7C /* PlaygroundTests.xctest */,
			);
			name = Products;
			sourceTree = "<group>";
		};
		B7140BCD176C070400720D7C /* Frameworks */ = {
			isa = PBXGroup;
			children = (
				B7140BCE176C070400720D7C /* Foundation.framework */,
				B7140BD0176C070400720D7C /* CoreGraphics.framework */,
				B7140BD2176C070400720D7C /* UIKit.framework */,
				B7140BD4176C070400720D7C /* CoreData.framework */,
				B7140BEC176C070400720D7C /* XCTest.framework */,
			);
			name = Frameworks;
			sourceTree = "<group>";
		};
		B7140BD6176C070400720D7C /* Playground */ = {
			isa = PBXGroup;
			children = (
				B7B231BA18B170A0001934CE /* Resources */,
				B7A71D1D1875F93A001656C6 /* Core Obj-C */,
				B75D8F5B1782F32200D025AB /* UICollectionView */,
				B74EAAC9176FDC51008D4499 /* README.md */,
				B74EAABE176FDA12008D4499 /* UIKit Dynamics APIs */,
				B74EAABB176FD8E6008D4499 /* Timeline */,
				B7140BDF176C070400720D7C /* TYAppDelegate.h */,
				B7140BE0176C070400720D7C /* TYAppDelegate.m */,
				B7140BE5176C070400720D7C /* Images.xcassets */,
				B7140BE2176C070400720D7C /* Playground.xcdatamodeld */,
				B7140BD7176C070400720D7C /* Supporting Files */,
			);
			path = Playground;
			sourceTree = "<group>";
		};
		B7140BD7176C070400720D7C /* Supporting Files */ = {
			isa = PBXGroup;
			children = (
				B7140BD8176C070400720D7C /* Playground-Info.plist */,
				B7140BD9176C070400720D7C /* InfoPlist.strings */,
				B7140BDC176C070400720D7C /* main.m */,
				B7140BDE176C070400720D7C /* Playground-Prefix.pch */,
			);
			name = "Supporting Files";
			sourceTree = "<group>";
		};
		B7140BF3176C070400720D7C /* PlaygroundTests */ = {
			isa = PBXGroup;
			children = (
				B7140BF9176C070400720D7C /* PlaygroundTests.m */,
				B7140BF4176C070400720D7C /* Supporting Files */,
			);
			path = PlaygroundTests;
			sourceTree = "<group>";
		};
		B7140BF4176C070400720D7C /* Supporting Files */ = {
			isa = PBXGroup;
			children = (
				B7140BF5176C070400720D7C /* PlaygroundTests-Info.plist */,
				B7140BF6176C070400720D7C /* InfoPlist.strings */,
			);
			name = "Supporting Files";
			sourceTree = "<group>";
		};
		B74EAAB7176FD3B5008D4499 /* TimelineCellView */ = {
			isa = PBXGroup;
			children = (
				B74EAAC4176FDAA8008D4499 /* TYTimelineCell.h */,
				B74EAAC5176FDAA8008D4499 /* TYTimelineCell.m */,
				B74EAAC6176FDAA8008D4499 /* TYTimelineCell.xib */,
			);
			name = TimelineCellView;
			sourceTree = "<group>";
		};
		B74EAABB176FD8E6008D4499 /* Timeline */ = {
			isa = PBXGroup;
			children = (
				B74EAABF176FDAA0008D4499 /* TYTimelineViewController.h */,
				B74EAAC0176FDAA0008D4499 /* TYTimelineViewController.m */,
				B74EAAC1176FDAA0008D4499 /* TYTimelineViewController.xib */,
				B74EAAB7176FD3B5008D4499 /* TimelineCellView */,
			);
			name = Timeline;
			sourceTree = "<group>";
		};
		B74EAABE176FDA12008D4499 /* UIKit Dynamics APIs */ = {
			isa = PBXGroup;
			children = (
			);
			name = "UIKit Dynamics APIs";
			sourceTree = "<group>";
		};
		B75D8F5B1782F32200D025AB /* UICollectionView */ = {
			isa = PBXGroup;
			children = (
				B75D8F671782FE7B00D025AB /* TYLauncherViewController.h */,
				B75D8F681782FE7B00D025AB /* TYLauncherViewController.m */,
				B75D8F601782F52800D025AB /* TYLauncherCell.h */,
				B75D8F611782F52800D025AB /* TYLauncherCell.m */,
				B75D8F621782F53500D025AB /* TYLauncherCell.xib */,
				B70350EF1784392D0045730D /* TYLauncherItem.h */,
				B70350F01784392D0045730D /* TYLauncherItem.m */,
			);
			name = UICollectionView;
			sourceTree = "<group>";
		};
		B7A71D1D1875F93A001656C6 /* Core Obj-C */ = {
			isa = PBXGroup;
			children = (
				B7A71D1E1875F962001656C6 /* TYCoreObjCViewController.h */,
				B7A71D1F1875F962001656C6 /* TYCoreObjCViewController.m */,
				B7A71D201875F962001656C6 /* TYCoreObjCViewController.xib */,
			);
			name = "Core Obj-C";
			sourceTree = "<group>";
		};
		B7B231BA18B170A0001934CE /* Resources */ = {
			isa = PBXGroup;
			children = (
				B7B231BE18B17104001934CE /* timeline.png */,
				B7B231BB18B170CC001934CE /* custom-views.png */,
				B7B231B718B1709C001934CE /* autolayout.png */,
				B7B231C118B17153001934CE /* scrollview.png */,
				B7B231C418B1719F001934CE /* core-data.png */,
				B7B231C718B17214001934CE /* collection-view.png */,
			);
			name = Resources;
			sourceTree = "<group>";
		};
/* End PBXGroup section */

/* Begin PBXNativeTarget section */
		B7140BCA176C070400720D7C /* Playground */ = {
			isa = PBXNativeTarget;
			buildConfigurationList = B7140BFD176C070400720D7C /* Build configuration list for PBXNativeTarget "Playground" */;
			buildPhases = (
				B7140BC7176C070400720D7C /* Sources */,
				B7140BC8176C070400720D7C /* Frameworks */,
				B7140BC9176C070400720D7C /* Resources */,
			);
			buildRules = (
			);
			dependencies = (
			);
			name = Playground;
			productName = Playground;
			productReference = B7140BCB176C070400720D7C /* Playground.app */;
			productType = "com.apple.product-type.application";
		};
		B7140BEA176C070400720D7C /* PlaygroundTests */ = {
			isa = PBXNativeTarget;
			buildConfigurationList = B7140C00176C070400720D7C /* Build configuration list for PBXNativeTarget "PlaygroundTests" */;
			buildPhases = (
				B7140BE7176C070400720D7C /* Sources */,
				B7140BE8176C070400720D7C /* Frameworks */,
				B7140BE9176C070400720D7C /* Resources */,
			);
			buildRules = (
			);
			dependencies = (
				B7140BF2176C070400720D7C /* PBXTargetDependency */,
			);
			name = PlaygroundTests;
			productName = PlaygroundTests;
			productReference = B7140BEB176C070400720D7C /* PlaygroundTests.xctest */;
			productType = "com.apple.product-type.bundle.unit-test";
		};
/* End PBXNativeTarget section */

/* Begin PBXProject section */
		B7140BC3176C070400720D7C /* Project object */ = {
			isa = PBXProject;
			attributes = {
				CLASSPREFIX = TY;
				LastUpgradeCheck = 0500;
				ORGANIZATIONNAME = "Tejaswi Yerukalapudi";
				TargetAttributes = {
					B7140BEA176C070400720D7C = {
						TestTargetID = B7140BCA176C070400720D7C;
					};
				};
			};
			buildConfigurationList = B7140BC6176C070400720D7C /* Build configuration list for PBXProject "Playground" */;
			compatibilityVersion = "Xcode 3.2";
			developmentRegion = English;
			hasScannedForEncodings = 0;
			knownRegions = (
				en,
			);
			mainGroup = B7140BC2176C070400720D7C;
			productRefGroup = B7140BCC176C070400720D7C /* Products */;
			projectDirPath = "";
			projectRoot = "";
			targets = (
				B7140BCA176C070400720D7C /* Playground */,
				B7140BEA176C070400720D7C /* PlaygroundTests */,
			);
		};
/* End PBXProject section */

/* Begin PBXResourcesBuildPhase section */
		B7140BC9176C070400720D7C /* Resources */ = {
			isa = PBXResourcesBuildPhase;
			buildActionMask = 2147483647;
			files = (
				B74EAAC3176FDAA0008D4499 /* TYTimelineViewController.xib in Resources */,
				B7A71D221875F962001656C6 /* TYCoreObjCViewController.xib in Resources */,
				B7B231C518B1719F001934CE /* core-data.png in Resources */,
				B7B231B818B1709C001934CE /* autolayout.png in Resources */,
				B7B231C218B17153001934CE /* scrollview.png in Resources */,
				B7140BDB176C070400720D7C /* InfoPlist.strings in Resources */,
				B74EAACA176FDC51008D4499 /* README.md in Resources */,
				B7B231BF18B17104001934CE /* timeline.png in Resources */,
				B75D8F631782F53500D025AB /* TYLauncherCell.xib in Resources */,
				B7140BE6176C070400720D7C /* Images.xcassets in Resources */,
				B7B231C818B17214001934CE /* collection-view.png in Resources */,
				B7B231BC18B170CC001934CE /* custom-views.png in Resources */,
				B74EAAC8176FDAA8008D4499 /* TYTimelineCell.xib in Resources */,
			);
			runOnlyForDeploymentPostprocessing = 0;
		};
		B7140BE9176C070400720D7C /* Resources */ = {
			isa = PBXResourcesBuildPhase;
			buildActionMask = 2147483647;
			files = (
				B7B231B918B1709C001934CE /* autolayout.png in Resources */,
				B7B231BD18B170CC001934CE /* custom-views.png in Resources */,
				B7B231C918B17214001934CE /* collection-view.png in Resources */,
				B7B231C618B1719F001934CE /* core-data.png in Resources */,
				B7B231C318B17153001934CE /* scrollview.png in Resources */,
				B7140BF8176C070400720D7C /* InfoPlist.strings in Resources */,
				B7B231C018B17104001934CE /* timeline.png in Resources */,
			);
			runOnlyForDeploymentPostprocessing = 0;
		};
/* End PBXResourcesBuildPhase section */

/* Begin PBXSourcesBuildPhase section */
		B7140BC7176C070400720D7C /* Sources */ = {
			isa = PBXSourcesBuildPhase;
			buildActionMask = 2147483647;
			files = (
				B70350F11784395D0045730D /* TYLauncherItem.m in Sources */,
				B75D8F641782F53F00D025AB /* TYLauncherCell.m in Sources */,
				B7140BDD176C070400720D7C /* main.m in Sources */,
				B75D8F6A1782FE7B00D025AB /* TYLauncherViewController.m in Sources */,
				B74EAAC7176FDAA8008D4499 /* TYTimelineCell.m in Sources */,
				B7A71D211875F962001656C6 /* TYCoreObjCViewController.m in Sources */,
				B7140BE1176C070400720D7C /* TYAppDelegate.m in Sources */,
				B74EAAC2176FDAA0008D4499 /* TYTimelineViewController.m in Sources */,
				B7140BE4176C070400720D7C /* Playground.xcdatamodeld in Sources */,
			);
			runOnlyForDeploymentPostprocessing = 0;
		};
		B7140BE7176C070400720D7C /* Sources */ = {
			isa = PBXSourcesBuildPhase;
			buildActionMask = 2147483647;
			files = (
				B7140BFA176C070400720D7C /* PlaygroundTests.m in Sources */,
			);
			runOnlyForDeploymentPostprocessing = 0;
		};
/* End PBXSourcesBuildPhase section */

/* Begin PBXTargetDependency section */
		B7140BF2176C070400720D7C /* PBXTargetDependency */ = {
			isa = PBXTargetDependency;
			target = B7140BCA176C070400720D7C /* Playground */;
			targetProxy = B7140BF1176C070400720D7C /* PBXContainerItemProxy */;
		};
/* End PBXTargetDependency section */

/* Begin PBXVariantGroup section */
		B7140BD9176C070400720D7C /* InfoPlist.strings */ = {
			isa = PBXVariantGroup;
			children = (
				B7140BDA176C070400720D7C /* en */,
			);
			name = InfoPlist.strings;
			sourceTree = "<group>";
		};
		B7140BF6176C070400720D7C /* InfoPlist.strings */ = {
			isa = PBXVariantGroup;
			children = (
				B7140BF7176C070400720D7C /* en */,
			);
			name = InfoPlist.strings;
			sourceTree = "<group>";
		};
/* End PBXVariantGroup section */

/* Begin XCBuildConfiguration section */
		B7140BFB176C070400720D7C /* Debug */ = {
			isa = XCBuildConfiguration;
			buildSettings = {
				ALWAYS_SEARCH_USER_PATHS = NO;
				CLANG_CXX_LANGUAGE_STANDARD = "gnu++0x";
				CLANG_CXX_LIBRARY = "libc++";
				CLANG_ENABLE_MODULES = YES;
				CLANG_ENABLE_OBJC_ARC = YES;
				CLANG_WARN_BOOL_CONVERSION = YES;
				CLANG_WARN_CONSTANT_CONVERSION = YES;
				CLANG_WARN_DIRECT_OBJC_ISA_USAGE = YES_ERROR;
				CLANG_WARN_EMPTY_BODY = YES;
				CLANG_WARN_ENUM_CONVERSION = YES;
				CLANG_WARN_INT_CONVERSION = YES;
				CLANG_WARN_OBJC_ROOT_CLASS = YES_ERROR;
				CLANG_WARN__DUPLICATE_METHOD_MATCH = YES;
				"CODE_SIGN_IDENTITY[sdk=iphoneos*]" = "iPhone Developer";
				COPY_PHASE_STRIP = NO;
				GCC_C_LANGUAGE_STANDARD = gnu99;
				GCC_DYNAMIC_NO_PIC = NO;
				GCC_OPTIMIZATION_LEVEL = 0;
				GCC_PREPROCESSOR_DEFINITIONS = (
					"DEBUG=1",
					"$(inherited)",
				);
				GCC_SYMBOLS_PRIVATE_EXTERN = NO;
				GCC_WARN_ABOUT_RETURN_TYPE = YES_ERROR;
				GCC_WARN_UNDECLARED_SELECTOR = YES;
				GCC_WARN_UNINITIALIZED_AUTOS = YES;
				GCC_WARN_UNUSED_FUNCTION = YES;
				GCC_WARN_UNUSED_VARIABLE = YES;
				IPHONEOS_DEPLOYMENT_TARGET = 7.0;
				ONLY_ACTIVE_ARCH = YES;
				SDKROOT = iphoneos;
			};
			name = Debug;
		};
		B7140BFC176C070400720D7C /* Release */ = {
			isa = XCBuildConfiguration;
			buildSettings = {
				ALWAYS_SEARCH_USER_PATHS = NO;
				CLANG_CXX_LANGUAGE_STANDARD = "gnu++0x";
				CLANG_CXX_LIBRARY = "libc++";
				CLANG_ENABLE_MODULES = YES;
				CLANG_ENABLE_OBJC_ARC = YES;
				CLANG_WARN_BOOL_CONVERSION = YES;
				CLANG_WARN_CONSTANT_CONVERSION = YES;
				CLANG_WARN_DIRECT_OBJC_ISA_USAGE = YES_ERROR;
				CLANG_WARN_EMPTY_BODY = YES;
				CLANG_WARN_ENUM_CONVERSION = YES;
				CLANG_WARN_INT_CONVERSION = YES;
				CLANG_WARN_OBJC_ROOT_CLASS = YES_ERROR;
				CLANG_WARN__DUPLICATE_METHOD_MATCH = YES;
				"CODE_SIGN_IDENTITY[sdk=iphoneos*]" = "iPhone Developer";
				COPY_PHASE_STRIP = YES;
				ENABLE_NS_ASSERTIONS = NO;
				GCC_C_LANGUAGE_STANDARD = gnu99;
				GCC_WARN_ABOUT_RETURN_TYPE = YES_ERROR;
				GCC_WARN_UNDECLARED_SELECTOR = YES;
				GCC_WARN_UNINITIALIZED_AUTOS = YES;
				GCC_WARN_UNUSED_FUNCTION = YES;
				GCC_WARN_UNUSED_VARIABLE = YES;
				IPHONEOS_DEPLOYMENT_TARGET = 7.0;
				SDKROOT = iphoneos;
				VALIDATE_PRODUCT = YES;
			};
			name = Release;
		};
		B7140BFE176C070400720D7C /* Debug */ = {
			isa = XCBuildConfiguration;
			buildSettings = {
				ASSETCATALOG_COMPILER_APPICON_NAME = AppIcon;
				ASSETCATALOG_COMPILER_LAUNCHIMAGE_NAME = LaunchImage;
				CODE_SIGN_IDENTITY = "iPhone Distribution: Greatwater Software, Inc.";
				"CODE_SIGN_IDENTITY[sdk=iphoneos*]" = "iPhone Distribution: Greatwater Software, Inc.";
				GCC_PRECOMPILE_PREFIX_HEADER = YES;
				GCC_PREFIX_HEADER = "Playground/Playground-Prefix.pch";
				INFOPLIST_FILE = "Playground/Playground-Info.plist";
				IPHONEOS_DEPLOYMENT_TARGET = 7.0;
				PRODUCT_NAME = "$(TARGET_NAME)";
				WRAPPER_EXTENSION = app;
			};
			name = Debug;
		};
		B7140BFF176C070400720D7C /* Release */ = {
			isa = XCBuildConfiguration;
			buildSettings = {
				ASSETCATALOG_COMPILER_APPICON_NAME = AppIcon;
				ASSETCATALOG_COMPILER_LAUNCHIMAGE_NAME = LaunchImage;
				CODE_SIGN_IDENTITY = "iPhone Distribution: Greatwater Software, Inc.";
				"CODE_SIGN_IDENTITY[sdk=iphoneos*]" = "iPhone Distribution: Greatwater Software, Inc.";
				GCC_PRECOMPILE_PREFIX_HEADER = YES;
				GCC_PREFIX_HEADER = "Playground/Playground-Prefix.pch";
				INFOPLIST_FILE = "Playground/Playground-Info.plist";
				IPHONEOS_DEPLOYMENT_TARGET = 7.0;
				PRODUCT_NAME = "$(TARGET_NAME)";
				WRAPPER_EXTENSION = app;
			};
			name = Release;
		};
		B7140C01176C070400720D7C /* Debug */ = {
			isa = XCBuildConfiguration;
			buildSettings = {
				BUNDLE_LOADER = "$(BUILT_PRODUCTS_DIR)/Playground.app/Playground";
				FRAMEWORK_SEARCH_PATHS = (
					"$(SDKROOT)/Developer/Library/Frameworks",
					"$(inherited)",
					"$(SYSTEM_APPS_DIR)/Xcode5-DP.app/Contents/Developer/Library/Frameworks",
				);
				GCC_PRECOMPILE_PREFIX_HEADER = YES;
				GCC_PREFIX_HEADER = "Playground/Playground-Prefix.pch";
				GCC_PREPROCESSOR_DEFINITIONS = (
					"DEBUG=1",
					"$(inherited)",
				);
				INFOPLIST_FILE = "PlaygroundTests/PlaygroundTests-Info.plist";
				PRODUCT_NAME = "$(TARGET_NAME)";
				TEST_HOST = "$(BUNDLE_LOADER)";
				WRAPPER_EXTENSION = xctest;
			};
			name = Debug;
		};
		B7140C02176C070400720D7C /* Release */ = {
			isa = XCBuildConfiguration;
			buildSettings = {
				BUNDLE_LOADER = "$(BUILT_PRODUCTS_DIR)/Playground.app/Playground";
				FRAMEWORK_SEARCH_PATHS = (
					"$(SDKROOT)/Developer/Library/Frameworks",
					"$(inherited)",
					"$(SYSTEM_APPS_DIR)/Xcode5-DP.app/Contents/Developer/Library/Frameworks",
				);
				GCC_PRECOMPILE_PREFIX_HEADER = YES;
				GCC_PREFIX_HEADER = "Playground/Playground-Prefix.pch";
				INFOPLIST_FILE = "PlaygroundTests/PlaygroundTests-Info.plist";
				PRODUCT_NAME = "$(TARGET_NAME)";
				TEST_HOST = "$(BUNDLE_LOADER)";
				WRAPPER_EXTENSION = xctest;
			};
			name = Release;
		};
/* End XCBuildConfiguration section */

/* Begin XCConfigurationList section */
		B7140BC6176C070400720D7C /* Build configuration list for PBXProject "Playground" */ = {
			isa = XCConfigurationList;
			buildConfigurations = (
				B7140BFB176C070400720D7C /* Debug */,
				B7140BFC176C070400720D7C /* Release */,
			);
			defaultConfigurationIsVisible = 0;
			defaultConfigurationName = Release;
		};
		B7140BFD176C070400720D7C /* Build configuration list for PBXNativeTarget "Playground" */ = {
			isa = XCConfigurationList;
			buildConfigurations = (
				B7140BFE176C070400720D7C /* Debug */,
				B7140BFF176C070400720D7C /* Release */,
			);
			defaultConfigurationIsVisible = 0;
			defaultConfigurationName = Release;
		};
		B7140C00176C070400720D7C /* Build configuration list for PBXNativeTarget "PlaygroundTests" */ = {
			isa = XCConfigurationList;
			buildConfigurations = (
				B7140C01176C070400720D7C /* Debug */,
				B7140C02176C070400720D7C /* Release */,
			);
			defaultConfigurationIsVisible = 0;
			defaultConfigurationName = Release;
		};
/* End XCConfigurationList section */

/* Begin XCVersionGroup section */
		B7140BE2176C070400720D7C /* Playground.xcdatamodeld */ = {
			isa = XCVersionGroup;
			children = (
				B7140BE3176C070400720D7C /* Playground.xcdatamodel */,
			);
			currentVersion = B7140BE3176C070400720D7C /* Playground.xcdatamodel */;
			path = Playground.xcdatamodeld;
			sourceTree = "<group>";
			versionGroupType = wrapper.xcdatamodel;
		};
/* End XCVersionGroup section */
	};
	rootObject = B7140BC3176C070400720D7C /* Project object */;
}
